Microsoft Visual Studio Solution File, Format Version 12.00
# Visual Studio Version 17
VisualStudioVersion = 17.5.2.0
MinimumVisualStudioVersion = 10.0.40219.1
Project("{FAE04EC0-301F-11D3-BF4B-00C04F79EFBC}") = "PatientHistoryAPI", "PatientHistoryAPI\PatientHistoryAPI.csproj", "{486F177B-C5B8-968E-7040-AB56894590E8}"
EndProject
Global
	GlobalSection(SolutionConfigurationPlatforms) = preSolution
		Debug|Any CPU = Debug|Any CPU
		Release|Any CPU = Release|Any CPU
	EndGlobalSection
	GlobalSection(ProjectConfigurationPlatforms) = postSolution
		{486F177B-C5B8-968E-7040-AB56894590E8}.Debug|Any CPU.ActiveCfg = Debug|Any CPU
		{486F177B-C5B8-968E-7040-AB56894590E8}.Debug|Any CPU.Build.0 = Debug|Any CPU
		{486F177B-C5B8-968E-7040-AB56894590E8}.Release|Any CPU.ActiveCfg = Release|Any CPU
		{486F177B-C5B8-968E-7040-AB56894590E8}.Release|Any CPU.Build.0 = Release|Any CPU
	EndGlobalSection
	GlobalSection(SolutionProperties) = preSolution
		HideSolutionNode = FALSE
	EndGlobalSection
	GlobalSection(ExtensibilityGlobals) = postSolution
		SolutionGuid = {DA77A7F6-8C58-48CC-9C3F-320C99604C28}
	EndGlobalSection
EndGlobal
